// !$*UTF8*$!
{
	archiveVersion = 1;
	classes = {
	};
	objectVersion = 46;
	objects = {

/* Begin PBXBuildFile section */
		43FA89531BE359A1006139BE /* main.m in Sources */ = {isa = PBXBuildFile; fileRef = 43FA89521BE359A1006139BE /* main.m */; };
		43FA89561BE359A1006139BE /* AppDelegate.m in Sources */ = {isa = PBXBuildFile; fileRef = 43FA89551BE359A1006139BE /* AppDelegate.m */; };
		43FA89591BE359A1006139BE /* ViewController.m in Sources */ = {isa = PBXBuildFile; fileRef = 43FA89581BE359A1006139BE /* ViewController.m */; };
		43FA895C1BE359A1006139BE /* Main.storyboard in Resources */ = {isa = PBXBuildFile; fileRef = 43FA895A1BE359A1006139BE /* Main.storyboard */; };
		43FA895E1BE359A1006139BE /* Assets.xcassets in Resources */ = {isa = PBXBuildFile; fileRef = 43FA895D1BE359A1006139BE /* Assets.xcassets */; };
		43FA89611BE359A1006139BE /* LaunchScreen.storyboard in Resources */ = {isa = PBXBuildFile; fileRef = 43FA895F1BE359A1006139BE /* LaunchScreen.storyboard */; };
		43FA89701BE36384006139BE /* AO_HeyPlumpkin.mp3 in Resources */ = {isa = PBXBuildFile; fileRef = 43FA89681BE36384006139BE /* AO_HeyPlumpkin.mp3 */; };
		43FA89711BE36384006139BE /* AO_HeyPear.mp3 in Resources */ = {isa = PBXBuildFile; fileRef = 43FA89691BE36384006139BE /* AO_HeyPear.mp3 */; };
		43FA89721BE36384006139BE /* AO_ImAnOrange.mp3 in Resources */ = {isa = PBXBuildFile; fileRef = 43FA896A1BE36384006139BE /* AO_ImAnOrange.mp3 */; };
		43FA89731BE36384006139BE /* AO_Rand2.mp3 in Resources */ = {isa = PBXBuildFile; fileRef = 43FA896B1BE36384006139BE /* AO_Rand2.mp3 */; };
		43FA89741BE36384006139BE /* AO_Rand1.mp3 in Resources */ = {isa = PBXBuildFile; fileRef = 43FA896C1BE36384006139BE /* AO_Rand1.mp3 */; };
		43FA89751BE36384006139BE /* AO_HeyApple.mp3 in Resources */ = {isa = PBXBuildFile; fileRef = 43FA896D1BE36384006139BE /* AO_HeyApple.mp3 */; };
		43FA89761BE36384006139BE /* AO_LongLaugh.mp3 in Resources */ = {isa = PBXBuildFile; fileRef = 43FA896E1BE36384006139BE /* AO_LongLaugh.mp3 */; };
		43FA89771BE36384006139BE /* AO_ShortLaugh.mp3 in Resources */ = {isa = PBXBuildFile; fileRef = 43FA896F1BE36384006139BE /* AO_ShortLaugh.mp3 */; };
/* End PBXBuildFile section */

/* Begin PBXFileReference section */
		43FA894E1BE359A1006139BE /* AnnoyingOrange.app */ = {isa = PBXFileReference; explicitFileType = wrapper.application; includeInIndex = 0; path = AnnoyingOrange.app; sourceTree = BUILT_PRODUCTS_DIR; };
		43FA89521BE359A1006139BE /* main.m */ = {isa = PBXFileReference; lastKnownFileType = sourcecode.c.objc; path = main.m; sourceTree = "<group>"; };
		43FA89541BE359A1006139BE /* AppDelegate.h */ = {isa = PBXFileReference; lastKnownFileType = sourcecode.c.h; path = AppDelegate.h; sourceTree = "<group>"; };
		43FA89551BE359A1006139BE /* AppDelegate.m */ = {isa = PBXFileReference; lastKnownFileType = sourcecode.c.objc; path = AppDelegate.m; sourceTree = "<group>"; };
		43FA89571BE359A1006139BE /* ViewController.h */ = {isa = PBXFileReference; lastKnownFileType = sourcecode.c.h; path = ViewController.h; sourceTree = "<group>"; };
		43FA89581BE359A1006139BE /* ViewController.m */ = {isa = PBXFileReference; lastKnownFileType = sourcecode.c.objc; path = ViewController.m; sourceTree = "<group>"; };
		43FA895B1BE359A1006139BE /* Base */ = {isa = PBXFileReference; lastKnownFileType = file.storyboard; name = Base; path = Base.lproj/Main.storyboard; sourceTree = "<group>"; };
		43FA895D1BE359A1006139BE /* Assets.xcassets */ = {isa = PBXFileReference; lastKnownFileType = folder.assetcatalog; path = Assets.xcassets; sourceTree = "<group>"; };
		43FA89601BE359A1006139BE /* Base */ = {isa = PBXFileReference; lastKnownFileType = file.storyboard; name = Base; path = Base.lproj/LaunchScreen.storyboard; sourceTree = "<group>"; };
		43FA89621BE359A1006139BE /* Info.plist */ = {isa = PBXFileReference; lastKnownFileType = text.plist.xml; path = Info.plist; sourceTree = "<group>"; };
		43FA89681BE36384006139BE /* AO_HeyPlumpkin.mp3 */ = {isa = PBXFileReference; lastKnownFileType = audio.mp3; name = AO_HeyPlumpkin.mp3; path = AnnoyingOrange/AO_HeyPlumpkin.mp3; sourceTree = "<group>"; };
		43FA89691BE36384006139BE /* AO_HeyPear.mp3 */ = {isa = PBXFileReference; lastKnownFileType = audio.mp3; name = AO_HeyPear.mp3; path = AnnoyingOrange/AO_HeyPear.mp3; sourceTree = "<group>"; };
		43FA896A1BE36384006139BE /* AO_ImAnOrange.mp3 */ = {isa = PBXFileReference; lastKnownFileType = audio.mp3; name = AO_ImAnOrange.mp3; path = AnnoyingOrange/AO_ImAnOrange.mp3; sourceTree = "<group>"; };
		43FA896B1BE36384006139BE /* AO_Rand2.mp3 */ = {isa = PBXFileReference; lastKnownFileType = audio.mp3; name = AO_Rand2.mp3; path = AnnoyingOrange/AO_Rand2.mp3; sourceTree = "<group>"; };
		43FA896C1BE36384006139BE /* AO_Rand1.mp3 */ = {isa = PBXFileReference; lastKnownFileType = audio.mp3; name = AO_Rand1.mp3; path = AnnoyingOrange/AO_Rand1.mp3; sourceTree = "<group>"; };
		43FA896D1BE36384006139BE /* AO_HeyApple.mp3 */ = {isa = PBXFileReference; lastKnownFileType = audio.mp3; name = AO_HeyApple.mp3; path = AnnoyingOrange/AO_HeyApple.mp3; sourceTree = "<group>"; };
		43FA896E1BE36384006139BE /* AO_LongLaugh.mp3 */ = {isa = PBXFileReference; lastKnownFileType = audio.mp3; name = AO_LongLaugh.mp3; path = AnnoyingOrange/AO_LongLaugh.mp3; sourceTree = "<group>"; };
		43FA896F1BE36384006139BE /* AO_ShortLaugh.mp3 */ = {isa = PBXFileReference; lastKnownFileType = audio.mp3; name = AO_ShortLaugh.mp3; path = AnnoyingOrange/AO_ShortLaugh.mp3; sourceTree = "<group>"; };
/* End PBXFileReference section */

/* Begin PBXFrameworksBuildPhase section */
		43FA894B1BE359A1006139BE /* Frameworks */ = {
			isa = PBXFrameworksBuildPhase;
			buildActionMask = 2147483647;
			files = (
			);
			runOnlyForDeploymentPostprocessing = 0;
		};
/* End PBXFrameworksBuildPhase section */

/* Begin PBXGroup section */
		43FA89451BE359A1006139BE = {
			isa = PBXGroup;
			children = (
				43FA89501BE359A1006139BE /* AnnoyingOrange */,
				43FA894F1BE359A1006139BE /* Products */,
			);
			sourceTree = "<group>";
		};
		43FA894F1BE359A1006139BE /* Products */ = {
			isa = PBXGroup;
			children = (
				43FA894E1BE359A1006139BE /* AnnoyingOrange.app */,
			);
			name = Products;
			sourceTree = "<group>";
		};
		43FA89501BE359A1006139BE /* AnnoyingOrange */ = {
			isa = PBXGroup;
			children = (
				43FA89541BE359A1006139BE /* AppDelegate.h */,
				43FA89551BE359A1006139BE /* AppDelegate.m */,
				43FA89571BE359A1006139BE /* ViewController.h */,
				43FA89581BE359A1006139BE /* ViewController.m */,
				43FA89781BE3638C006139BE /* AudioFiles */,
				43FA895A1BE359A1006139BE /* Main.storyboard */,
				43FA895D1BE359A1006139BE /* Assets.xcassets */,
				43FA895F1BE359A1006139BE /* LaunchScreen.storyboard */,
				43FA89621BE359A1006139BE /* Info.plist */,
				43FA89511BE359A1006139BE /* Supporting Files */,
			);
			path = AnnoyingOrange;
			sourceTree = "<group>";
		};
		43FA89511BE359A1006139BE /* Supporting Files */ = {
			isa = PBXGroup;
			children = (
				43FA89521BE359A1006139BE /* main.m */,
			);
			name = "Supporting Files";
			sourceTree = "<group>";
		};
		43FA89781BE3638C006139BE /* AudioFiles */ = {
			isa = PBXGroup;
			children = (
				43FA89681BE36384006139BE /* AO_HeyPlumpkin.mp3 */,
				43FA89691BE36384006139BE /* AO_HeyPear.mp3 */,
				43FA896A1BE36384006139BE /* AO_ImAnOrange.mp3 */,
				43FA896B1BE36384006139BE /* AO_Rand2.mp3 */,
				43FA896C1BE36384006139BE /* AO_Rand1.mp3 */,
				43FA896D1BE36384006139BE /* AO_HeyApple.mp3 */,
				43FA896E1BE36384006139BE /* AO_LongLaugh.mp3 */,
				43FA896F1BE36384006139BE /* AO_ShortLaugh.mp3 */,
			);
			name = AudioFiles;
			path = ..;
			sourceTree = "<group>";
		};
/* End PBXGroup section */

/* Begin PBXNativeTarget section */
		43FA894D1BE359A1006139BE /* AnnoyingOrange */ = {
			isa = PBXNativeTarget;
			buildConfigurationList = 43FA89651BE359A1006139BE /* Build configuration list for PBXNativeTarget "AnnoyingOrange" */;
			buildPhases = (
				43FA894A1BE359A1006139BE /* Sources */,
				43FA894B1BE359A1006139BE /* Frameworks */,
				43FA894C1BE359A1006139BE /* Resources */,
			);
			buildRules = (
			);
			dependencies = (
			);
			name = AnnoyingOrange;
			productName = AnnoyingOrange;
			productReference = 43FA894E1BE359A1006139BE /* AnnoyingOrange.app */;
			productType = "com.apple.product-type.application";
		};
/* End PBXNativeTarget section */

/* Begin PBXProject section */
		43FA89461BE359A1006139BE /* Project object */ = {
			isa = PBXProject;
			attributes = {
				LastUpgradeCheck = 0710;
				ORGANIZATIONNAME = "Jake Saferstein";
				TargetAttributes = {
					43FA894D1BE359A1006139BE = {
						CreatedOnToolsVersion = 7.1;
					};
				};
			};
			buildConfigurationList = 43FA89491BE359A1006139BE /* Build configuration list for PBXProject "AnnoyingOrange" */;
			compatibilityVersion = "Xcode 3.2";
			developmentRegion = English;
			hasScannedForEncodings = 0;
			knownRegions = (
				en,
				Base,
			);
			mainGroup = 43FA89451BE359A1006139BE;
			productRefGroup = 43FA894F1BE359A1006139BE /* Products */;
			projectDirPath = "";
			projectRoot = "";
			targets = (
				43FA894D1BE359A1006139BE /* AnnoyingOrange */,
			);
		};
/* End PBXProject section */

/* Begin PBXResourcesBuildPhase section */
		43FA894C1BE359A1006139BE /* Resources */ = {
			isa = PBXResourcesBuildPhase;
			buildActionMask = 2147483647;
			files = (
				43FA89611BE359A1006139BE /* LaunchScreen.storyboard in Resources */,
				43FA89711BE36384006139BE /* AO_HeyPear.mp3 in Resources */,
				43FA89701BE36384006139BE /* AO_HeyPlumpkin.mp3 in Resources */,
				43FA89721BE36384006139BE /* AO_ImAnOrange.mp3 in Resources */,
				43FA89761BE36384006139BE /* AO_LongLaugh.mp3 in Resources */,
				43FA89731BE36384006139BE /* AO_Rand2.mp3 in Resources */,
				43FA89771BE36384006139BE /* AO_ShortLaugh.mp3 in Resources */,
				43FA895E1BE359A1006139BE /* Assets.xcassets in Resources */,
				43FA895C1BE359A1006139BE /* Main.storyboard in Resources */,
				43FA89751BE36384006139BE /* AO_HeyApple.mp3 in Resources */,
				43FA89741BE36384006139BE /* AO_Rand1.mp3 in Resources */,
			);
			runOnlyForDeploymentPostprocessing = 0;
		};
/* End PBXResourcesBuildPhase section */

/* Begin PBXSourcesBuildPhase section */
		43FA894A1BE359A1006139BE /* Sources */ = {
			isa = PBXSourcesBuildPhase;
			buildActionMask = 2147483647;
			files = (
				43FA89591BE359A1006139BE /* ViewController.m in Sources */,
				43FA89561BE359A1006139BE /* AppDelegate.m in Sources */,
				43FA89531BE359A1006139BE /* main.m in Sources */,
			);
			runOnlyForDeploymentPostprocessing = 0;
		};
/* End PBXSourcesBuildPhase section */

/* Begin PBXVariantGroup section */
		43FA895A1BE359A1006139BE /* Main.storyboard */ = {
			isa = PBXVariantGroup;
			children = (
				43FA895B1BE359A1006139BE /* Base */,
			);
			name = Main.storyboard;
			sourceTree = "<group>";
		};
		43FA895F1BE359A1006139BE /* LaunchScreen.storyboard */ = {
			isa = PBXVariantGroup;
			children = (
				43FA89601BE359A1006139BE /* Base */,
			);
			name = LaunchScreen.storyboard;
			sourceTree = "<group>";
		};
/* End PBXVariantGroup section */

/* Begin XCBuildConfiguration section */
		43FA89631BE359A1006139BE /* Debug */ = {
			isa = XCBuildConfiguration;
			buildSettings = {
				ALWAYS_SEARCH_USER_PATHS = NO;
				CLANG_CXX_LANGUAGE_STANDARD = "gnu++0x";
				CLANG_CXX_LIBRARY = "libc++";
				CLANG_ENABLE_MODULES = YES;
				CLANG_ENABLE_OBJC_ARC = YES;
				CLANG_WARN_BOOL_CONVERSION = YES;
				CLANG_WARN_CONSTANT_CONVERSION = YES;
				CLANG_WARN_DIRECT_OBJC_ISA_USAGE = YES_ERROR;
				CLANG_WARN_EMPTY_BODY = YES;
				CLANG_WARN_ENUM_CONVERSION = YES;
				CLANG_WARN_INT_CONVERSION = YES;
				CLANG_WARN_OBJC_ROOT_CLASS = YES_ERROR;
				CLANG_WARN_UNREACHABLE_CODE = YES;
				CLANG_WARN__DUPLICATE_METHOD_MATCH = YES;
				"CODE_SIGN_IDENTITY[sdk=iphoneos*]" = "iPhone Developer";
				COPY_PHASE_STRIP = NO;
				DEBUG_INFORMATION_FORMAT = dwarf;
				ENABLE_STRICT_OBJC_MSGSEND = YES;
				ENABLE_TESTABILITY = YES;
				GCC_C_LANGUAGE_STANDARD = gnu99;
				GCC_DYNAMIC_NO_PIC = NO;
				GCC_NO_COMMON_BLOCKS = YES;
				GCC_OPTIMIZATION_LEVEL = 0;
				GCC_PREPROCESSOR_DEFINITIONS = (
					"DEBUG=1",
					"$(inherited)",
				);
				GCC_WARN_64_TO_32_BIT_CONVERSION = YES;
				GCC_WARN_ABOUT_RETURN_TYPE = YES_ERROR;
				GCC_WARN_UNDECLARED_SELECTOR = YES;
				GCC_WARN_UNINITIALIZED_AUTOS = YES_AGGRESSIVE;
				GCC_WARN_UNUSED_FUNCTION = YES;
				GCC_WARN_UNUSED_VARIABLE = YES;
				IPHONEOS_DEPLOYMENT_TARGET = 9.1;
				MTL_ENABLE_DEBUG_INFO = YES;
				ONLY_ACTIVE_ARCH = YES;
				SDKROOT = iphoneos;
			};
			name = Debug;
		};
		43FA89641BE359A1006139BE /* Release */ = {
			isa = XCBuildConfiguration;
			buildSettings = {
				ALWAYS_SEARCH_USER_PATHS = NO;
				CLANG_CXX_LANGUAGE_STANDARD = "gnu++0x";
				CLANG_CXX_LIBRARY = "libc++";
				CLANG_ENABLE_MODULES = YES;
				CLANG_ENABLE_OBJC_ARC = YES;
				CLANG_WARN_BOOL_CONVERSION = YES;
				CLANG_WARN_CONSTANT_CONVERSION = YES;
				CLANG_WARN_DIRECT_OBJC_ISA_USAGE = YES_ERROR;
				CLANG_WARN_EMPTY_BODY = YES;
				CLANG_WARN_ENUM_CONVERSION = YES;
				CLANG_WARN_INT_CONVERSION = YES;
				CLANG_WARN_OBJC_ROOT_CLASS = YES_ERROR;
				CLANG_WARN_UNREACHABLE_CODE = YES;
				CLANG_WARN__DUPLICATE_METHOD_MATCH = YES;
				"CODE_SIGN_IDENTITY[sdk=iphoneos*]" = "iPhone Developer";
				COPY_PHASE_STRIP = NO;
				DEBUG_INFORMATION_FORMAT = "dwarf-with-dsym";
				ENABLE_NS_ASSERTIONS = NO;
				ENABLE_STRICT_OBJC_MSGSEND = YES;
				GCC_C_LANGUAGE_STANDARD = gnu99;
				GCC_NO_COMMON_BLOCKS = YES;
				GCC_WARN_64_TO_32_BIT_CONVERSION = YES;
				GCC_WARN_ABOUT_RETURN_TYPE = YES_ERROR;
				GCC_WARN_UNDECLARED_SELECTOR = YES;
				GCC_WARN_UNINITIALIZED_AUTOS = YES_AGGRESSIVE;
				GCC_WARN_UNUSED_FUNCTION = YES;
				GCC_WARN_UNUSED_VARIABLE = YES;
				IPHONEOS_DEPLOYMENT_TARGET = 9.1;
				MTL_ENABLE_DEBUG_INFO = NO;
				SDKROOT = iphoneos;
				VALIDATE_PRODUCT = YES;
			};
			name = Release;
		};
		43FA89661BE359A1006139BE /* Debug */ = {
			isa = XCBuildConfiguration;
			buildSettings = {
				ASSETCATALOG_COMPILER_APPICON_NAME = AppIcon;
				INFOPLIST_FILE = AnnoyingOrange/Info.plist;
				IPHONEOS_DEPLOYMENT_TARGET = 7.0;
				LD_RUNPATH_SEARCH_PATHS = "$(inherited) @executable_path/Frameworks";
				PRODUCT_BUNDLE_IDENTIFIER = com.gmail.jakesafo.AnnoyingOrange;
				PRODUCT_NAME = "$(TARGET_NAME)";
			};
			name = Debug;
		};
		43FA89671BE359A1006139BE /* Release */ = {
			isa = XCBuildConfiguration;
			buildSettings = {
				ASSETCATALOG_COMPILER_APPICON_NAME = AppIcon;
				INFOPLIST_FILE = AnnoyingOrange/Info.plist;
				IPHONEOS_DEPLOYMENT_TARGET = 7.0;
				LD_RUNPATH_SEARCH_PATHS = "$(inherited) @executable_path/Frameworks";
				PRODUCT_BUNDLE_IDENTIFIER = com.gmail.jakesafo.AnnoyingOrange;
				PRODUCT_NAME = "$(TARGET_NAME)";
			};
			name = Release;
		};
/* End XCBuildConfiguration section */

/* Begin XCConfigurationList section */
		43FA89491BE359A1006139BE /* Build configuration list for PBXProject "AnnoyingOrange" */ = {
			isa = XCConfigurationList;
			buildConfigurations = (
				43FA89631BE359A1006139BE /* Debug */,
				43FA89641BE359A1006139BE /* Release */,
			);
			defaultConfigurationIsVisible = 0;
			defaultConfigurationName = Release;
		};
		43FA89651BE359A1006139BE /* Build configuration list for PBXNativeTarget "AnnoyingOrange" */ = {
			isa = XCConfigurationList;
			buildConfigurations = (
				43FA89661BE359A1006139BE /* Debug */,
				43FA89671BE359A1006139BE /* Release */,
			);
			defaultConfigurationIsVisible = 0;
			defaultConfigurationName = Release;
		};
/* End XCConfigurationList section */
	};
	rootObject = 43FA89461BE359A1006139BE /* Project object */;
}
